
Microsoft Visual Studio Solution File, Format Version 12.00
# Visual Studio 2013
VisualStudioVersion = 12.0.21005.1
MinimumVisualStudioVersion = 10.0.40219.1
Project("{FAE04EC0-301F-11D3-BF4B-00C04F79EFBC}") = "project2", "project2\project2.csproj", "{03E5FC2E-7B2E-4B31-990E-8D6E637FB632}"
EndProject
Project("{FAE04EC0-301F-11D3-BF4B-00C04F79EFBC}") = "project2ut", "project2ut\project2ut.csproj", "{1AD34165-D718-4D85-9035-B9637C5E39F2}"
EndProject
Global
	GlobalSection(SolutionConfigurationPlatforms) = preSolution
		Debug|Any CPU = Debug|Any CPU
		Release|Any CPU = Release|Any CPU
	EndGlobalSection
	GlobalSection(ProjectConfigurationPlatforms) = postSolution
		{03E5FC2E-7B2E-4B31-990E-8D6E637FB632}.Debug|Any CPU.ActiveCfg = Debug|Any CPU
		{03E5FC2E-7B2E-4B31-990E-8D6E637FB632}.Debug|Any CPU.Build.0 = Debug|Any CPU
		{03E5FC2E-7B2E-4B31-990E-8D6E637FB632}.Release|Any CPU.ActiveCfg = Release|Any CPU
		{03E5FC2E-7B2E-4B31-990E-8D6E637FB632}.Release|Any CPU.Build.0 = Release|Any CPU
		{1AD34165-D718-4D85-9035-B9637C5E39F2}.Debug|Any CPU.ActiveCfg = Debug|Any CPU
		{1AD34165-D718-4D85-9035-B9637C5E39F2}.Debug|Any CPU.Build.0 = Debug|Any CPU
		{1AD34165-D718-4D85-9035-B9637C5E39F2}.Release|Any CPU.ActiveCfg = Release|Any CPU
		{1AD34165-D718-4D85-9035-B9637C5E39F2}.Release|Any CPU.Build.0 = Release|Any CPU
	EndGlobalSection
	GlobalSection(SolutionProperties) = preSolution
		HideSolutionNode = FALSE
	EndGlobalSection
EndGlobal
